schema: '2.0'
stages:
  csv-cif-spin-500-data@GaSe:
    cmd: python scripts/vasp_to_csv_cif.py --input-vasp "datasets/raw_vasp/high_density_defects/GaSe_spin_500"
      --input-structures "datasets/POSCARs/GaSe" --output-csv-cif "datasets/csv_cif/high_density_defects/GaSe_spin_500"
      --pristine-folder datasets/others/pristine_high_density --separate-spins
    deps:
    - path: datasets/POSCARs/GaSe
      md5: 81de7a0852048113329d9b7a20ec396b.dir
      size: 2297962
      nfiles: 502
    - path: datasets/others/pristine_high_density
      md5: 2d5e8d944914ac80b59959fde18d7fec.dir
      size: 568
      nfiles: 2
    - path: datasets/raw_vasp/high_density_defects/GaSe_spin_500
      md5: e788c7d02a8c5a08948e723878595a10.dir
      size: 527285871
      nfiles: 7000
    - path: scripts/vasp_to_csv_cif.py
      md5: 2b7cca94ab95076f0aaa27aa3d8a794f
      size: 6770
    outs:
    - path: datasets/csv_cif/high_density_defects/GaSe_spin_500
      md5: d8d130a6b7054fc0938250855184f1c5.dir
      size: 311880
      nfiles: 5
  csv-cif-spin-500-data@InSe:
    cmd: python scripts/vasp_to_csv_cif.py --input-vasp "datasets/raw_vasp/high_density_defects/InSe_spin_500"
      --input-structures "datasets/POSCARs/InSe" --output-csv-cif "datasets/csv_cif/high_density_defects/InSe_spin_500"
      --pristine-folder datasets/others/pristine_high_density --separate-spins
    deps:
    - path: datasets/POSCARs/InSe
      md5: ac5bac54260a9774c0590f15fe835a03.dir
      size: 2290862
      nfiles: 502
    - path: datasets/others/pristine_high_density
      md5: 2d5e8d944914ac80b59959fde18d7fec.dir
      size: 568
      nfiles: 2
    - path: datasets/raw_vasp/high_density_defects/InSe_spin_500
      md5: 53416fed7e9dda3c4442a9b0ffa090f0.dir
      size: 471477275
      nfiles: 7000
    - path: scripts/vasp_to_csv_cif.py
      md5: 2b7cca94ab95076f0aaa27aa3d8a794f
      size: 6770
    outs:
    - path: datasets/csv_cif/high_density_defects/InSe_spin_500
      md5: ea2ccb789bc06fe93f4d53e289d579ea.dir
      size: 302247
      nfiles: 5
  processed-high-density-spin@GaSe:
    cmd: python scripts/parse_csv_cif.py --input-name=high_density_defects/GaSe_spin_500
      --normalize-homo-lumo --fill-missing-band-properties --skip-eos
    deps:
    - path: datasets/csv_cif/high_density_defects/GaSe_spin_500
      md5: d8d130a6b7054fc0938250855184f1c5.dir
      size: 311880
      nfiles: 5
    - path: scripts/parse_csv_cif.py
      md5: 288a55d899d9c2bca5be1df78129983e
      size: 13003
    outs:
    - path: datasets/processed/high_density_defects/GaSe_spin_500
      md5: 70cdec1e7be418c43c04780b67a5192b.dir
      size: 420814
      nfiles: 2
  csv-cif-spin-500-data@hBN:
    cmd: python scripts/vasp_to_csv_cif.py --input-vasp "datasets/raw_vasp/high_density_defects/hBN_spin_500"
      --input-structures "datasets/POSCARs/hBN" --output-csv-cif "datasets/csv_cif/high_density_defects/hBN_spin_500"
      --pristine-folder datasets/others/pristine_high_density --separate-spins
    deps:
    - path: datasets/POSCARs/hBN
      md5: e6fa484d7456798925b84e26bbcdd115.dir
      size: 4781835
      nfiles: 502
    - path: datasets/others/pristine_high_density
      md5: 2d5e8d944914ac80b59959fde18d7fec.dir
      size: 568
      nfiles: 2
    - path: datasets/raw_vasp/high_density_defects/hBN_spin_500
      md5: a053ff47a5f8f997ef331cfdc9981697.dir
      size: 1101009839
      nfiles: 7000
    - path: scripts/vasp_to_csv_cif.py
      md5: 2b7cca94ab95076f0aaa27aa3d8a794f
      size: 6770
    outs:
    - path: datasets/csv_cif/high_density_defects/hBN_spin_500
      md5: 74797493d2e42e4e4e799ac8b74a0f0b.dir
      size: 211420
      nfiles: 5
  processed-high-density-spin@hBN:
    cmd: python scripts/parse_csv_cif.py --input-name=high_density_defects/hBN_spin_500
      --normalize-homo-lumo --fill-missing-band-properties --skip-eos
    deps:
    - path: datasets/csv_cif/high_density_defects/hBN_spin_500
      md5: 74797493d2e42e4e4e799ac8b74a0f0b.dir
      size: 211420
      nfiles: 5
    - path: scripts/parse_csv_cif.py
      md5: 288a55d899d9c2bca5be1df78129983e
      size: 13003
    outs:
    - path: datasets/processed/high_density_defects/hBN_spin_500
      md5: b065ba4d7d8ac3a7e69211384f98af07.dir
      size: 370373
      nfiles: 2
  processed-high-density-spin@InSe:
    cmd: python scripts/parse_csv_cif.py --input-name=high_density_defects/InSe_spin_500
      --normalize-homo-lumo --fill-missing-band-properties --skip-eos
    deps:
    - path: datasets/csv_cif/high_density_defects/InSe_spin_500
      md5: ea2ccb789bc06fe93f4d53e289d579ea.dir
      size: 302247
      nfiles: 5
    - path: scripts/parse_csv_cif.py
      md5: 288a55d899d9c2bca5be1df78129983e
      size: 13003
    outs:
    - path: datasets/processed/high_density_defects/InSe_spin_500
      md5: ac9d366fe9bc0a392298ee5c24b78df6.dir
      size: 420542
      nfiles: 2
  processed-high-density@hBN_spin:
    cmd: python scripts/parse_csv_cif.py --input-name=high_density_defects/hBN_spin_500
      --normalize-homo-lumo --fill-missing-band-properties
    deps:
    - path: datasets/csv_cif/high_density_defects/hBN_spin_500
      md5: 74797493d2e42e4e4e799ac8b74a0f0b.dir
      size: 211420
      nfiles: 5
    - path: scripts/parse_csv_cif.py
      md5: 90711548e8c1453a9fe6f6b2f1b61442
      size: 13012
    outs:
    - path: datasets/processed/high_density_defects/hBN_spin_500/data.pickle.gz
      md5: 808b401305565980fe55a3c04c2daf12
      size: 309315
    - path: datasets/processed/high_density_defects/hBN_spin_500/targets.csv.gz
      md5: 88ea20e2daf4042eff596884402f24ff
      size: 61952
  processed-high-density@GaSe_spin:
    cmd: python scripts/parse_csv_cif.py --input-name=high_density_defects/GaSe_spin_500
      --normalize-homo-lumo --fill-missing-band-properties
    deps:
    - path: datasets/csv_cif/high_density_defects/GaSe_spin_500
      md5: d8d130a6b7054fc0938250855184f1c5.dir
      size: 311880
      nfiles: 5
    - path: scripts/parse_csv_cif.py
      md5: 90711548e8c1453a9fe6f6b2f1b61442
      size: 13012
    outs:
    - path: datasets/processed/high_density_defects/GaSe_spin_500/data.pickle.gz
      md5: 23b24998a645213cd9fd6545a222c947
      size: 362412
    - path: datasets/processed/high_density_defects/GaSe_spin_500/targets.csv.gz
      md5: 6f3b29eacdcdcbd0ebe9769e1fa95324
      size: 60331
  processed-high-density@InSe_spin:
    cmd: python scripts/parse_csv_cif.py --input-name=high_density_defects/InSe_spin_500
      --normalize-homo-lumo --fill-missing-band-properties
    deps:
    - path: datasets/csv_cif/high_density_defects/InSe_spin_500
      md5: ea2ccb789bc06fe93f4d53e289d579ea.dir
      size: 302247
      nfiles: 5
    - path: scripts/parse_csv_cif.py
      md5: 90711548e8c1453a9fe6f6b2f1b61442
      size: 13012
    outs:
    - path: datasets/processed/high_density_defects/InSe_spin_500/data.pickle.gz
      md5: d6a3469eba63c3699b3655541eea2f9e
      size: 363104
    - path: datasets/processed/high_density_defects/InSe_spin_500/targets.csv.gz
      md5: b705802cf36a377fc169b6fd82eb6271
      size: 59479
  csv-cif-no-spin-500-data@MoS2:
    cmd: python scripts/vasp_to_csv_cif.py --input-vasp "datasets/raw_vasp/high_density_defects/MoS2_500"
      --input-structures "datasets/POSCARs/MoS2" --output-csv-cif "datasets/csv_cif/high_density_defects/MoS2_500"
      --pristine-folder datasets/others/pristine_high_density
    deps:
    - path: datasets/POSCARs/MoS2
      md5: ea83da07e80eff558c770d2d570fabe6.dir
      size: 7118384
      nfiles: 503
    - path: datasets/others/pristine_high_density
      md5: 2d5e8d944914ac80b59959fde18d7fec.dir
      size: 568
      nfiles: 2
    - path: datasets/raw_vasp/high_density_defects/MoS2_500
      md5: 5799e5525fe147e1fa75e8ad1b81cc7e.dir
      size: 3811906029
      nfiles: 7606
    - path: scripts/vasp_to_csv_cif.py
      md5: 2b7cca94ab95076f0aaa27aa3d8a794f
      size: 6770
    outs:
    - path: datasets/csv_cif/high_density_defects/MoS2_500
      md5: 0c2fe4de231f729683a05d6a4c662b05.dir
      size: 400460
      nfiles: 6
  processed-high-density@MoS2:
    cmd: python scripts/parse_csv_cif.py --input-name=high_density_defects/MoS2_500
      --normalize-homo-lumo --fill-missing-band-properties
    deps:
    - path: datasets/csv_cif/high_density_defects/MoS2_500
      md5: 0c2fe4de231f729683a05d6a4c662b05.dir
      size: 400460
      nfiles: 6
    - path: scripts/parse_csv_cif.py
      md5: 90711548e8c1453a9fe6f6b2f1b61442
      size: 13012
    outs:
    - path: datasets/processed/high_density_defects/MoS2_500/data.pickle.gz
      md5: ca887a4b3771ceea821005dc02311c53
      size: 435125
    - path: datasets/processed/high_density_defects/MoS2_500/targets.csv.gz
      md5: 32bdf827551c0fbefa2df424e96c274b
      size: 56124
  csv-cif-no-spin-500-data@WSe2:
    cmd: python scripts/vasp_to_csv_cif.py --input-vasp "datasets/raw_vasp/high_density_defects/WSe2_500"
      --input-structures "datasets/POSCARs/WSe2" --output-csv-cif "datasets/csv_cif/high_density_defects/WSe2_500"
      --pristine-folder datasets/others/pristine_high_density
    deps:
    - path: datasets/POSCARs/WSe2
      md5: 904803382f861967eb2b7283acde92a3.dir
      size: 7119464
      nfiles: 503
    - path: datasets/others/pristine_high_density
      md5: 2d5e8d944914ac80b59959fde18d7fec.dir
      size: 568
      nfiles: 2
    - path: datasets/raw_vasp/high_density_defects/WSe2_500
      md5: e940c7cf208a03312591977cf62bf920.dir
      size: 4018991135
      nfiles: 7606
    - path: scripts/vasp_to_csv_cif.py
      md5: 2b7cca94ab95076f0aaa27aa3d8a794f
      size: 6770
    outs:
    - path: datasets/csv_cif/high_density_defects/WSe2_500
      md5: 7190a7ed586b24269afd6a2436248568.dir
      size: 390649
      nfiles: 6
  processed-high-density@WSe2:
    cmd: python scripts/parse_csv_cif.py --input-name=high_density_defects/WSe2_500
      --normalize-homo-lumo --fill-missing-band-properties
    deps:
    - path: datasets/csv_cif/high_density_defects/WSe2_500
      md5: 7190a7ed586b24269afd6a2436248568.dir
      size: 390649
      nfiles: 6
    - path: scripts/parse_csv_cif.py
      md5: 90711548e8c1453a9fe6f6b2f1b61442
      size: 13012
    outs:
    - path: datasets/processed/high_density_defects/WSe2_500/data.pickle.gz
      md5: c6401ac7c15e4f8c6add32d602c07467
      size: 435029
    - path: datasets/processed/high_density_defects/WSe2_500/targets.csv.gz
      md5: 9701260395f5c930702ea29ac70f7c25
      size: 54374
  csv-cif-spin-500-data@BP:
    cmd: python scripts/vasp_to_csv_cif.py --input-vasp "datasets/raw_vasp/high_density_defects/BP_spin_500"
      --input-structures "datasets/POSCARs/BP" --output-csv-cif "datasets/csv_cif/high_density_defects/BP_spin_500"
      --pristine-folder datasets/others/pristine_high_density --separate-spins
    deps:
    - path: datasets/POSCARs/BP
      md5: 0e3fd0895c52a95c66d7d9820ee12f56.dir
      size: 2124251
      nfiles: 502
    - path: datasets/others/pristine_high_density
      md5: 2d5e8d944914ac80b59959fde18d7fec.dir
      size: 568
      nfiles: 2
    - path: datasets/raw_vasp/high_density_defects/BP_spin_500
      md5: b44725fcbf29927f34a3e759b0388b56.dir
      size: 888270821
      nfiles: 7063
    - path: scripts/vasp_to_csv_cif.py
      md5: 2b7cca94ab95076f0aaa27aa3d8a794f
      size: 6770
    outs:
    - path: datasets/csv_cif/high_density_defects/BP_spin_500
      md5: 931f1c9d5632eea9aefbffe97538d420.dir
      size: 201222
      nfiles: 5
  processed-high-density@BP_spin:
    cmd: python scripts/parse_csv_cif.py --input-name=high_density_defects/BP_spin_500
      --normalize-homo-lumo --fill-missing-band-properties
    deps:
    - path: datasets/csv_cif/high_density_defects/BP_spin_500
      md5: 931f1c9d5632eea9aefbffe97538d420.dir
      size: 201222
      nfiles: 5
    - path: scripts/parse_csv_cif.py
      md5: 90711548e8c1453a9fe6f6b2f1b61442
      size: 13012
    outs:
    - path: datasets/processed/high_density_defects/BP_spin_500/data.pickle.gz
      md5: a7178d1c83b0583b2f86d6ba00fd363e
      size: 343715
    - path: datasets/processed/high_density_defects/BP_spin_500/targets.csv.gz
      md5: 2e4211aeb26bd2c6e26cc2869a32b4df
      size: 57475
  rolos-high-density:
    cmd: ./scripts/pack_for_rolos.sh
    deps:
    - path: datasets/processed/high_density_defects
      md5: 3fed3433a7cfec65e8dceef7344ee823.dir
      size: 3372810
      nfiles: 19
    - path: scripts/pack_for_rolos.sh
      md5: 3139fbcd2c6d4ab294836970fcce1002
      size: 572
    outs:
    - path: datasets/others/rolos/2d-materials-point-defects
      md5: ec789ae5e51e7aea381631c127103b09.dir
      size: 3088532
      nfiles: 7
  csv-cif-low-density-8x8@WSe2:
    cmd: python scripts/separate_csv_cif.py --input-folder datasets/csv_cif/dichalcogenides_x1s6_202109
      --output-folder datasets/csv_cif/low_density_defects/WSe2 --base-material WSe2
      --supercell-size 8 --additional-columns-csv datasets/others/dichalcogenides8x8_vasp_nus_202110_E1/WSe2.csv.gz
    deps:
    - path: datasets/csv_cif/dichalcogenides_x1s6_202109
      md5: e32b3a049fcccc17848658ff8954e7ca.dir
      size: 248080960
      nfiles: 24795
    - path: datasets/others/dichalcogenides8x8_vasp_nus_202110_E1/WSe2.csv.gz
      md5: 6ae29d409e23c0b2dbc192b10da78d31
      size: 50328
    - path: scripts/separate_csv_cif.py
      md5: 6f2016bf83666c20f8971b1b83a3da26
      size: 3377
    outs:
    - path: datasets/csv_cif/low_density_defects/WSe2
      md5: e8b0cb21a2a7b29a23eff9f317ce946b.dir
      size: 2124613
      nfiles: 7
  processed-low-density@WSe2:
    cmd: python scripts/parse_csv_cif.py --input-name=low_density_defects/WSe2 --fill-missing-band-properties
      --normalize-homo-lumo
    deps:
    - path: datasets/csv_cif/low_density_defects/WSe2
      md5: e8b0cb21a2a7b29a23eff9f317ce946b.dir
      size: 2124613
      nfiles: 7
    - path: scripts/parse_csv_cif.py
      md5: 90711548e8c1453a9fe6f6b2f1b61442
      size: 13012
    outs:
    - path: datasets/processed/low_density_defects/WSe2/data.pickle.gz
      md5: 3a5ff2cfe6f768632c9cfdb465bfebb7
      size: 4212821
    - path: datasets/processed/low_density_defects/WSe2/targets.csv.gz
      md5: b4210308ec46dbe3260fbc31c623008d
      size: 323670
  processed-low-density@MoS2:
    cmd: python scripts/parse_csv_cif.py --input-name=low_density_defects/MoS2 --fill-missing-band-properties
      --normalize-homo-lumo
    deps:
    - path: datasets/csv_cif/low_density_defects/MoS2
      md5: 6ce06f4b1426403d86cf5fdd13f0a297.dir
      size: 2355760
      nfiles: 7
    - path: scripts/parse_csv_cif.py
      md5: 90711548e8c1453a9fe6f6b2f1b61442
      size: 13012
    outs:
    - path: datasets/processed/low_density_defects/MoS2/data.pickle.gz
      md5: eae15900c1b0e3102c636cc64f92fa79
      size: 4323135
    - path: datasets/processed/low_density_defects/MoS2/targets.csv.gz
      md5: ee7a7b270a8522e64e78cb508e0a157e
      size: 418857
  rolos-2d-materials-point-defects:
    cmd: ./scripts/pack_for_rolos.sh
    deps:
    - path: datasets/csv_cif/high_density_defects
      md5: 95515221f39c13bec3230fe5a11ff973.dir
      size: 2414562
      nfiles: 45
    - path: datasets/csv_cif/low_density_defects
      md5: f100e58960b626aac56e4399a30c2723.dir
      size: 5521068
      nfiles: 16
    - path: datasets/processed/high_density_defects
      md5: 3fed3433a7cfec65e8dceef7344ee823.dir
      size: 3372810
      nfiles: 19
    - path: datasets/processed/low_density_defects
      md5: 46a03de0129cba32608ad367dd07ca61.dir
      size: 9270135
      nfiles: 5
    - path: scripts/pack_for_rolos.sh
      md5: 8fdaf32079f1198738e8d9882ae3302c
      size: 927
    outs:
    - path: datasets/others/rolos/2d-materials-point-defects
      md5: 0b1b5dca6e37c2ad4e30d51f525c3c24.dir
      size: 12422718
      nfiles: 9
  csv-cif-low-density-8x8@MoS2:
    cmd: python scripts/separate_csv_cif.py --input-folder datasets/csv_cif/dichalcogenides_x1s6_202109
      --output-folder datasets/csv_cif/low_density_defects/MoS2 --base-material MoS2
      --supercell-size 8 --additional-columns-csv datasets/others/dichalcogenides8x8_vasp_nus_202110_E1/MoS2.csv.gz
    deps:
    - path: datasets/csv_cif/dichalcogenides_x1s6_202109
      md5: e32b3a049fcccc17848658ff8954e7ca.dir
      size: 248080960
      nfiles: 24795
    - path: datasets/others/dichalcogenides8x8_vasp_nus_202110_E1/MoS2.csv.gz
      md5: 7e021dde5a67c775da635380b1987643
      size: 49821
    - path: scripts/separate_csv_cif.py
      md5: e48bdc8196f221be53c6491519a85242
      size: 3390
    outs:
    - path: datasets/csv_cif/low_density_defects/MoS2
      md5: 6ce06f4b1426403d86cf5fdd13f0a297.dir
      size: 2355760
      nfiles: 7
  csv-cif-spin-500-data-occu-tol-investigation@8:
    cmd: python scripts/vasp_to_csv_cif.py --input-vasp "datasets/raw_vasp/high_density_defects/BP_spin_500"
      --input-structures "datasets/POSCARs/BP" --output-csv-cif "datasets/csv_cif/high_density_defects/BP_spin_500_occu_tol_0.1"
      --pristine-folder datasets/others/pristine_high_density --separate-spins --band-occupancy-tolerence
      0.1
    deps:
    - path: datasets/POSCARs/BP
      md5: 0e3fd0895c52a95c66d7d9820ee12f56.dir
      size: 2124251
      nfiles: 502
    - path: datasets/others/pristine_high_density
      md5: 2d5e8d944914ac80b59959fde18d7fec.dir
      size: 568
      nfiles: 2
    - path: datasets/raw_vasp/high_density_defects/BP_spin_500
      md5: b44725fcbf29927f34a3e759b0388b56.dir
      size: 888270821
      nfiles: 7063
    - path: scripts/vasp_to_csv_cif.py
      md5: 2b7cca94ab95076f0aaa27aa3d8a794f
      size: 6770
    outs:
    - path: datasets/csv_cif/high_density_defects/BP_spin_500_occu_tol_0.1
      md5: afc428a0451db96ea08a9e3622e711f3.dir
      size: 201162
      nfiles: 5
  csv-cif-spin-500-data-occu-tol-investigation@7:
    cmd: python scripts/vasp_to_csv_cif.py --input-vasp "datasets/raw_vasp/high_density_defects/InSe_spin_500"
      --input-structures "datasets/POSCARs/InSe" --output-csv-cif "datasets/csv_cif/high_density_defects/InSe_spin_500_occu_tol_0.05"
      --pristine-folder datasets/others/pristine_high_density --separate-spins --band-occupancy-tolerence
      0.05
    deps:
    - path: datasets/POSCARs/InSe
      md5: ac5bac54260a9774c0590f15fe835a03.dir
      size: 2290862
      nfiles: 502
    - path: datasets/others/pristine_high_density
      md5: 2d5e8d944914ac80b59959fde18d7fec.dir
      size: 568
      nfiles: 2
    - path: datasets/raw_vasp/high_density_defects/InSe_spin_500
      md5: 53416fed7e9dda3c4442a9b0ffa090f0.dir
      size: 471477275
      nfiles: 7000
    - path: scripts/vasp_to_csv_cif.py
      md5: 2b7cca94ab95076f0aaa27aa3d8a794f
      size: 6770
    outs:
    - path: datasets/csv_cif/high_density_defects/InSe_spin_500_occu_tol_0.05
      md5: 91c94de542683fd98b29f6dfcf05eebb.dir
      size: 302247
      nfiles: 5
  csv-cif-spin-500-data-occu-tol-investigation@1:
    cmd: python scripts/vasp_to_csv_cif.py --input-vasp "datasets/raw_vasp/high_density_defects/GaSe_spin_500"
      --input-structures "datasets/POSCARs/GaSe" --output-csv-cif "datasets/csv_cif/high_density_defects/GaSe_spin_500_occu_tol_1e-08"
      --pristine-folder datasets/others/pristine_high_density --separate-spins --band-occupancy-tolerence
      1e-08
    deps:
    - path: datasets/POSCARs/GaSe
      md5: 81de7a0852048113329d9b7a20ec396b.dir
      size: 2297962
      nfiles: 502
    - path: datasets/others/pristine_high_density
      md5: 2d5e8d944914ac80b59959fde18d7fec.dir
      size: 568
      nfiles: 2
    - path: datasets/raw_vasp/high_density_defects/GaSe_spin_500
      md5: e788c7d02a8c5a08948e723878595a10.dir
      size: 527285871
      nfiles: 7000
    - path: scripts/vasp_to_csv_cif.py
      md5: 2b7cca94ab95076f0aaa27aa3d8a794f
      size: 6770
    outs:
    - path: datasets/csv_cif/high_density_defects/GaSe_spin_500_occu_tol_1e-08
      md5: 591aa1e2331583aa1c37139177283c87.dir
      size: 311907
      nfiles: 5
  csv-cif-spin-500-data-occu-tol-investigation@5:
    cmd: python scripts/vasp_to_csv_cif.py --input-vasp "datasets/raw_vasp/high_density_defects/GaSe_spin_500"
      --input-structures "datasets/POSCARs/GaSe" --output-csv-cif "datasets/csv_cif/high_density_defects/GaSe_spin_500_occu_tol_0.05"
      --pristine-folder datasets/others/pristine_high_density --separate-spins --band-occupancy-tolerence
      0.05
    deps:
    - path: datasets/POSCARs/GaSe
      md5: 81de7a0852048113329d9b7a20ec396b.dir
      size: 2297962
      nfiles: 502
    - path: datasets/others/pristine_high_density
      md5: 2d5e8d944914ac80b59959fde18d7fec.dir
      size: 568
      nfiles: 2
    - path: datasets/raw_vasp/high_density_defects/GaSe_spin_500
      md5: e788c7d02a8c5a08948e723878595a10.dir
      size: 527285871
      nfiles: 7000
    - path: scripts/vasp_to_csv_cif.py
      md5: 2b7cca94ab95076f0aaa27aa3d8a794f
      size: 6770
    outs:
    - path: datasets/csv_cif/high_density_defects/GaSe_spin_500_occu_tol_0.05
      md5: 40e84562e487a207868d4d2077acc8e0.dir
      size: 311880
      nfiles: 5
  csv-cif-spin-500-data-occu-tol-investigation@4:
    cmd: python scripts/vasp_to_csv_cif.py --input-vasp "datasets/raw_vasp/high_density_defects/BP_spin_500"
      --input-structures "datasets/POSCARs/BP" --output-csv-cif "datasets/csv_cif/high_density_defects/BP_spin_500_occu_tol_0.05"
      --pristine-folder datasets/others/pristine_high_density --separate-spins --band-occupancy-tolerence
      0.05
    deps:
    - path: datasets/POSCARs/BP
      md5: 0e3fd0895c52a95c66d7d9820ee12f56.dir
      size: 2124251
      nfiles: 502
    - path: datasets/others/pristine_high_density
      md5: 2d5e8d944914ac80b59959fde18d7fec.dir
      size: 568
      nfiles: 2
    - path: datasets/raw_vasp/high_density_defects/BP_spin_500
      md5: b44725fcbf29927f34a3e759b0388b56.dir
      size: 888270821
      nfiles: 7063
    - path: scripts/vasp_to_csv_cif.py
      md5: 2b7cca94ab95076f0aaa27aa3d8a794f
      size: 6770
    outs:
    - path: datasets/csv_cif/high_density_defects/BP_spin_500_occu_tol_0.05
      md5: e0e1071c2bbc92b158cf8e75cb78e23c.dir
      size: 201222
      nfiles: 5
  csv-cif-spin-500-data-occu-tol-investigation@2:
    cmd: python scripts/vasp_to_csv_cif.py --input-vasp "datasets/raw_vasp/high_density_defects/hBN_spin_500"
      --input-structures "datasets/POSCARs/hBN" --output-csv-cif "datasets/csv_cif/high_density_defects/hBN_spin_500_occu_tol_1e-08"
      --pristine-folder datasets/others/pristine_high_density --separate-spins --band-occupancy-tolerence
      1e-08
    deps:
    - path: datasets/POSCARs/hBN
      md5: e6fa484d7456798925b84e26bbcdd115.dir
      size: 4781835
      nfiles: 502
    - path: datasets/others/pristine_high_density
      md5: 2d5e8d944914ac80b59959fde18d7fec.dir
      size: 568
      nfiles: 2
    - path: datasets/raw_vasp/high_density_defects/hBN_spin_500
      md5: a053ff47a5f8f997ef331cfdc9981697.dir
      size: 1101009839
      nfiles: 7000
    - path: scripts/vasp_to_csv_cif.py
      md5: 2b7cca94ab95076f0aaa27aa3d8a794f
      size: 6770
    outs:
    - path: datasets/csv_cif/high_density_defects/hBN_spin_500_occu_tol_1e-08
      md5: 12f4c4908e68fe0b7978b7d9b2b24101.dir
      size: 211364
      nfiles: 5
  csv-cif-spin-500-data-occu-tol-investigation@6:
    cmd: python scripts/vasp_to_csv_cif.py --input-vasp "datasets/raw_vasp/high_density_defects/hBN_spin_500"
      --input-structures "datasets/POSCARs/hBN" --output-csv-cif "datasets/csv_cif/high_density_defects/hBN_spin_500_occu_tol_0.05"
      --pristine-folder datasets/others/pristine_high_density --separate-spins --band-occupancy-tolerence
      0.05
    deps:
    - path: datasets/POSCARs/hBN
      md5: e6fa484d7456798925b84e26bbcdd115.dir
      size: 4781835
      nfiles: 502
    - path: datasets/others/pristine_high_density
      md5: 2d5e8d944914ac80b59959fde18d7fec.dir
      size: 568
      nfiles: 2
    - path: datasets/raw_vasp/high_density_defects/hBN_spin_500
      md5: a053ff47a5f8f997ef331cfdc9981697.dir
      size: 1101009839
      nfiles: 7000
    - path: scripts/vasp_to_csv_cif.py
      md5: 2b7cca94ab95076f0aaa27aa3d8a794f
      size: 6770
    outs:
    - path: datasets/csv_cif/high_density_defects/hBN_spin_500_occu_tol_0.05
      md5: a25de5fde7d4357e32ca8c56a2b87082.dir
      size: 211420
      nfiles: 5
  csv-cif-spin-500-data-occu-tol-investigation@10:
    cmd: python scripts/vasp_to_csv_cif.py --input-vasp "datasets/raw_vasp/high_density_defects/hBN_spin_500"
      --input-structures "datasets/POSCARs/hBN" --output-csv-cif "datasets/csv_cif/high_density_defects/hBN_spin_500_occu_tol_0.1"
      --pristine-folder datasets/others/pristine_high_density --separate-spins --band-occupancy-tolerence
      0.1
    deps:
    - path: datasets/POSCARs/hBN
      md5: e6fa484d7456798925b84e26bbcdd115.dir
      size: 4781835
      nfiles: 502
    - path: datasets/others/pristine_high_density
      md5: 2d5e8d944914ac80b59959fde18d7fec.dir
      size: 568
      nfiles: 2
    - path: datasets/raw_vasp/high_density_defects/hBN_spin_500
      md5: a053ff47a5f8f997ef331cfdc9981697.dir
      size: 1101009839
      nfiles: 7000
    - path: scripts/vasp_to_csv_cif.py
      md5: 2b7cca94ab95076f0aaa27aa3d8a794f
      size: 6770
    outs:
    - path: datasets/csv_cif/high_density_defects/hBN_spin_500_occu_tol_0.1
      md5: 4cfcac44fa3a5bbd60a418dc1954443e.dir
      size: 211445
      nfiles: 5
  csv-cif-spin-500-data-occu-tol-investigation@9:
    cmd: python scripts/vasp_to_csv_cif.py --input-vasp "datasets/raw_vasp/high_density_defects/GaSe_spin_500"
      --input-structures "datasets/POSCARs/GaSe" --output-csv-cif "datasets/csv_cif/high_density_defects/GaSe_spin_500_occu_tol_0.1"
      --pristine-folder datasets/others/pristine_high_density --separate-spins --band-occupancy-tolerence
      0.1
    deps:
    - path: datasets/POSCARs/GaSe
      md5: 81de7a0852048113329d9b7a20ec396b.dir
      size: 2297962
      nfiles: 502
    - path: datasets/others/pristine_high_density
      md5: 2d5e8d944914ac80b59959fde18d7fec.dir
      size: 568
      nfiles: 2
    - path: datasets/raw_vasp/high_density_defects/GaSe_spin_500
      md5: e788c7d02a8c5a08948e723878595a10.dir
      size: 527285871
      nfiles: 7000
    - path: scripts/vasp_to_csv_cif.py
      md5: 2b7cca94ab95076f0aaa27aa3d8a794f
      size: 6770
    outs:
    - path: datasets/csv_cif/high_density_defects/GaSe_spin_500_occu_tol_0.1
      md5: 9e6fc559905872ed849fcf679b84080b.dir
      size: 311907
      nfiles: 5
  csv-cif-spin-500-data-occu-tol-investigation@0:
    cmd: python scripts/vasp_to_csv_cif.py --input-vasp "datasets/raw_vasp/high_density_defects/BP_spin_500"
      --input-structures "datasets/POSCARs/BP" --output-csv-cif "datasets/csv_cif/high_density_defects/BP_spin_500_occu_tol_1e-08"
      --pristine-folder datasets/others/pristine_high_density --separate-spins --band-occupancy-tolerence
      1e-08
    deps:
    - path: datasets/POSCARs/BP
      md5: 0e3fd0895c52a95c66d7d9820ee12f56.dir
      size: 2124251
      nfiles: 502
    - path: datasets/others/pristine_high_density
      md5: 2d5e8d944914ac80b59959fde18d7fec.dir
      size: 568
      nfiles: 2
    - path: datasets/raw_vasp/high_density_defects/BP_spin_500
      md5: b44725fcbf29927f34a3e759b0388b56.dir
      size: 888270821
      nfiles: 7063
    - path: scripts/vasp_to_csv_cif.py
      md5: 2b7cca94ab95076f0aaa27aa3d8a794f
      size: 6770
    outs:
    - path: datasets/csv_cif/high_density_defects/BP_spin_500_occu_tol_1e-08
      md5: f246f7673fb520a268a9f595aceb55e3.dir
      size: 200978
      nfiles: 5
  csv-cif-spin-500-data-occu-tol-investigation@11:
    cmd: python scripts/vasp_to_csv_cif.py --input-vasp "datasets/raw_vasp/high_density_defects/InSe_spin_500"
      --input-structures "datasets/POSCARs/InSe" --output-csv-cif "datasets/csv_cif/high_density_defects/InSe_spin_500_occu_tol_0.1"
      --pristine-folder datasets/others/pristine_high_density --separate-spins --band-occupancy-tolerence
      0.1
    deps:
    - path: datasets/POSCARs/InSe
      md5: ac5bac54260a9774c0590f15fe835a03.dir
      size: 2290862
      nfiles: 502
    - path: datasets/others/pristine_high_density
      md5: 2d5e8d944914ac80b59959fde18d7fec.dir
      size: 568
      nfiles: 2
    - path: datasets/raw_vasp/high_density_defects/InSe_spin_500
      md5: 53416fed7e9dda3c4442a9b0ffa090f0.dir
      size: 471477275
      nfiles: 7000
    - path: scripts/vasp_to_csv_cif.py
      md5: 2b7cca94ab95076f0aaa27aa3d8a794f
      size: 6770
    outs:
    - path: datasets/csv_cif/high_density_defects/InSe_spin_500_occu_tol_0.1
      md5: afa345564e9d432638e330ab4625d60a.dir
      size: 302264
      nfiles: 5
  csv-cif-spin-500-data-occu-tol-investigation@3:
    cmd: python scripts/vasp_to_csv_cif.py --input-vasp "datasets/raw_vasp/high_density_defects/InSe_spin_500"
      --input-structures "datasets/POSCARs/InSe" --output-csv-cif "datasets/csv_cif/high_density_defects/InSe_spin_500_occu_tol_1e-08"
      --pristine-folder datasets/others/pristine_high_density --separate-spins --band-occupancy-tolerence
      1e-08
    deps:
    - path: datasets/POSCARs/InSe
      md5: ac5bac54260a9774c0590f15fe835a03.dir
      size: 2290862
      nfiles: 502
    - path: datasets/others/pristine_high_density
      md5: 2d5e8d944914ac80b59959fde18d7fec.dir
      size: 568
      nfiles: 2
    - path: datasets/raw_vasp/high_density_defects/InSe_spin_500
      md5: 53416fed7e9dda3c4442a9b0ffa090f0.dir
      size: 471477275
      nfiles: 7000
    - path: scripts/vasp_to_csv_cif.py
      md5: 2b7cca94ab95076f0aaa27aa3d8a794f
      size: 6770
    outs:
    - path: datasets/csv_cif/high_density_defects/InSe_spin_500_occu_tol_1e-08
      md5: a103e0f3b96eaf4854208fd054cfd186.dir
      size: 302286
      nfiles: 5
